
Microsoft Visual Studio Solution File, Format Version 12.00
# Visual Studio 15
VisualStudioVersion = 15.0.28307.136
MinimumVisualStudioVersion = 10.0.40219.1
Project("{FAE04EC0-301F-11D3-BF4B-00C04F79EFBC}") = "project24-03", "project24-03\project24-03.csproj", "{22FE4E81-9939-4B31-B230-395C3C402AD8}"
EndProject
Global
	GlobalSection(SolutionConfigurationPlatforms) = preSolution
		Debug|Any CPU = Debug|Any CPU
		Release|Any CPU = Release|Any CPU
	EndGlobalSection
	GlobalSection(ProjectConfigurationPlatforms) = postSolution
		{22FE4E81-9939-4B31-B230-395C3C402AD8}.Debug|Any CPU.ActiveCfg = Debug|Any CPU
		{22FE4E81-9939-4B31-B230-395C3C402AD8}.Debug|Any CPU.Build.0 = Debug|Any CPU
		{22FE4E81-9939-4B31-B230-395C3C402AD8}.Release|Any CPU.ActiveCfg = Release|Any CPU
		{22FE4E81-9939-4B31-B230-395C3C402AD8}.Release|Any CPU.Build.0 = Release|Any CPU
	EndGlobalSection
	GlobalSection(SolutionProperties) = preSolution
		HideSolutionNode = FALSE
	EndGlobalSection
	GlobalSection(ExtensibilityGlobals) = postSolution
		SolutionGuid = {A8BC4711-0919-4BA0-BB4F-F7D11389DC7F}
	EndGlobalSection
EndGlobal
